
Microsoft Visual Studio Solution File, Format Version 12.00
# Visual Studio 15
VisualStudioVersion = 15.0.28307.329
MinimumVisualStudioVersion = 10.0.40219.1
Project("{FAE04EC0-301F-11D3-BF4B-00C04F79EFBC}") = "space-engineers", "space-engineers.csproj", "{4B0A58B3-5A0A-40E7-AC08-C80799EDE4BA}"
EndProject
Global
	GlobalSection(SolutionConfigurationPlatforms) = preSolution
		Debug|Any CPU = Debug|Any CPU
		Release|Any CPU = Release|Any CPU
	EndGlobalSection
	GlobalSection(ProjectConfigurationPlatforms) = postSolution
		{4B0A58B3-5A0A-40E7-AC08-C80799EDE4BA}.Debug|Any CPU.ActiveCfg = Debug|Any CPU
		{4B0A58B3-5A0A-40E7-AC08-C80799EDE4BA}.Debug|Any CPU.Build.0 = Debug|Any CPU
		{4B0A58B3-5A0A-40E7-AC08-C80799EDE4BA}.Release|Any CPU.ActiveCfg = Release|Any CPU
		{4B0A58B3-5A0A-40E7-AC08-C80799EDE4BA}.Release|Any CPU.Build.0 = Release|Any CPU
	EndGlobalSection
	GlobalSection(SolutionProperties) = preSolution
		HideSolutionNode = FALSE
	EndGlobalSection
	GlobalSection(ExtensibilityGlobals) = postSolution
		SolutionGuid = {797C4C1F-0477-4698-92DB-0351CA15DEB9}
	EndGlobalSection
EndGlobal
